
Microsoft Visual Studio Solution File, Format Version 12.00
# Visual Studio Version 17
VisualStudioVersion = 17.0.32014.148
MinimumVisualStudioVersion = 10.0.40219.1
Project("{9A19103F-16F7-4668-BE54-9A1E7A4F7556}") = "Vivarni.DDD.Infrastructure", "src\Vivarni.DDD.Infrastructure\Vivarni.DDD.Infrastructure.csproj", "{14636973-4861-4654-AE07-C57EAABD34D0}"
EndProject
Project("{9A19103F-16F7-4668-BE54-9A1E7A4F7556}") = "Vivarni.DDD.Core", "src\Vivarni.DDD.Core\Vivarni.DDD.Core.csproj", "{D71D1FBF-86E2-48D7-8532-621FC63076C5}"
EndProject
Project("{2150E333-8FDC-42A3-9474-1A3956D46DE8}") = "Vivarni.Example", "Vivarni.Example", "{8E22153C-EC7F-4484-A9C4-DB7BE9495952}"
EndProject
Project("{9A19103F-16F7-4668-BE54-9A1E7A4F7556}") = "Vivarni.Example.WebAPI", "Vivarni.DDD.WebAPI\Vivarni.Example.WebAPI.csproj", "{2DBA273E-72C1-4AF8-A8DD-180E40A65639}"
EndProject
Project("{FAE04EC0-301F-11D3-BF4B-00C04F79EFBC}") = "Vivarni.Example.Infrastructure", "Vivarni.Example.Infrastructure\Vivarni.Example.Infrastructure.csproj", "{22DE978F-8759-4C76-BD6F-A8966978B9B5}"
EndProject
Global
	GlobalSection(SolutionConfigurationPlatforms) = preSolution
		Debug|Any CPU = Debug|Any CPU
		Release|Any CPU = Release|Any CPU
	EndGlobalSection
	GlobalSection(ProjectConfigurationPlatforms) = postSolution
		{14636973-4861-4654-AE07-C57EAABD34D0}.Debug|Any CPU.ActiveCfg = Debug|Any CPU
		{14636973-4861-4654-AE07-C57EAABD34D0}.Debug|Any CPU.Build.0 = Debug|Any CPU
		{14636973-4861-4654-AE07-C57EAABD34D0}.Release|Any CPU.ActiveCfg = Release|Any CPU
		{14636973-4861-4654-AE07-C57EAABD34D0}.Release|Any CPU.Build.0 = Release|Any CPU
		{D71D1FBF-86E2-48D7-8532-621FC63076C5}.Debug|Any CPU.ActiveCfg = Debug|Any CPU
		{D71D1FBF-86E2-48D7-8532-621FC63076C5}.Debug|Any CPU.Build.0 = Debug|Any CPU
		{D71D1FBF-86E2-48D7-8532-621FC63076C5}.Release|Any CPU.ActiveCfg = Release|Any CPU
		{D71D1FBF-86E2-48D7-8532-621FC63076C5}.Release|Any CPU.Build.0 = Release|Any CPU
		{2DBA273E-72C1-4AF8-A8DD-180E40A65639}.Debug|Any CPU.ActiveCfg = Debug|Any CPU
		{2DBA273E-72C1-4AF8-A8DD-180E40A65639}.Debug|Any CPU.Build.0 = Debug|Any CPU
		{2DBA273E-72C1-4AF8-A8DD-180E40A65639}.Release|Any CPU.ActiveCfg = Release|Any CPU
		{2DBA273E-72C1-4AF8-A8DD-180E40A65639}.Release|Any CPU.Build.0 = Release|Any CPU
		{22DE978F-8759-4C76-BD6F-A8966978B9B5}.Debug|Any CPU.ActiveCfg = Debug|Any CPU
		{22DE978F-8759-4C76-BD6F-A8966978B9B5}.Debug|Any CPU.Build.0 = Debug|Any CPU
		{22DE978F-8759-4C76-BD6F-A8966978B9B5}.Release|Any CPU.ActiveCfg = Release|Any CPU
		{22DE978F-8759-4C76-BD6F-A8966978B9B5}.Release|Any CPU.Build.0 = Release|Any CPU
	EndGlobalSection
	GlobalSection(SolutionProperties) = preSolution
		HideSolutionNode = FALSE
	EndGlobalSection
	GlobalSection(NestedProjects) = preSolution
		{2DBA273E-72C1-4AF8-A8DD-180E40A65639} = {8E22153C-EC7F-4484-A9C4-DB7BE9495952}
		{22DE978F-8759-4C76-BD6F-A8966978B9B5} = {8E22153C-EC7F-4484-A9C4-DB7BE9495952}
	EndGlobalSection
	GlobalSection(ExtensibilityGlobals) = postSolution
		SolutionGuid = {6D195989-3704-4AE1-B21B-12D5A768B8A3}
	EndGlobalSection
EndGlobal
